// !$*UTF8*$!
{
	archiveVersion = 1;
	classes = {
	};
	objectVersion = 50;
	objects = {

/* Begin PBXBuildFile section */
		99205B5924E301B200FD0819 /* AppDelegate.swift in Sources */ = {isa = PBXBuildFile; fileRef = 99205B5824E301B200FD0819 /* AppDelegate.swift */; };
		99205B5B24E301B200FD0819 /* SceneDelegate.swift in Sources */ = {isa = PBXBuildFile; fileRef = 99205B5A24E301B200FD0819 /* SceneDelegate.swift */; };
		99205B5D24E301B200FD0819 /* ViewController.swift in Sources */ = {isa = PBXBuildFile; fileRef = 99205B5C24E301B200FD0819 /* ViewController.swift */; };
		99205B6024E301B200FD0819 /* Main.storyboard in Resources */ = {isa = PBXBuildFile; fileRef = 99205B5E24E301B200FD0819 /* Main.storyboard */; };
		99205B6324E301B200FD0819 /* SpeechNotes.xcdatamodeld in Sources */ = {isa = PBXBuildFile; fileRef = 99205B6124E301B200FD0819 /* SpeechNotes.xcdatamodeld */; };
		99205B6524E301B400FD0819 /* Assets.xcassets in Resources */ = {isa = PBXBuildFile; fileRef = 99205B6424E301B400FD0819 /* Assets.xcassets */; };
		99205B6824E301B400FD0819 /* LaunchScreen.storyboard in Resources */ = {isa = PBXBuildFile; fileRef = 99205B6624E301B400FD0819 /* LaunchScreen.storyboard */; };
		99205B7324E301B400FD0819 /* SpeechNotesTests.swift in Sources */ = {isa = PBXBuildFile; fileRef = 99205B7224E301B400FD0819 /* SpeechNotesTests.swift */; };
/* End PBXBuildFile section */

/* Begin PBXContainerItemProxy section */
		99205B6F24E301B400FD0819 /* PBXContainerItemProxy */ = {
			isa = PBXContainerItemProxy;
			containerPortal = 99205B4D24E301B200FD0819 /* Project object */;
			proxyType = 1;
			remoteGlobalIDString = 99205B5424E301B200FD0819;
			remoteInfo = SpeechNotes;
		};
/* End PBXContainerItemProxy section */

/* Begin PBXFileReference section */
		99205B5524E301B200FD0819 /* SpeechNotes.app */ = {isa = PBXFileReference; explicitFileType = wrapper.application; includeInIndex = 0; path = SpeechNotes.app; sourceTree = BUILT_PRODUCTS_DIR; };
		99205B5824E301B200FD0819 /* AppDelegate.swift */ = {isa = PBXFileReference; lastKnownFileType = sourcecode.swift; path = AppDelegate.swift; sourceTree = "<group>"; };
		99205B5A24E301B200FD0819 /* SceneDelegate.swift */ = {isa = PBXFileReference; lastKnownFileType = sourcecode.swift; path = SceneDelegate.swift; sourceTree = "<group>"; };
		99205B5C24E301B200FD0819 /* ViewController.swift */ = {isa = PBXFileReference; lastKnownFileType = sourcecode.swift; path = ViewController.swift; sourceTree = "<group>"; };
		99205B5F24E301B200FD0819 /* Base */ = {isa = PBXFileReference; lastKnownFileType = file.storyboard; name = Base; path = Base.lproj/Main.storyboard; sourceTree = "<group>"; };
		99205B6224E301B200FD0819 /* SpeechNotes.xcdatamodel */ = {isa = PBXFileReference; lastKnownFileType = wrapper.xcdatamodel; path = SpeechNotes.xcdatamodel; sourceTree = "<group>"; };
		99205B6424E301B400FD0819 /* Assets.xcassets */ = {isa = PBXFileReference; lastKnownFileType = folder.assetcatalog; path = Assets.xcassets; sourceTree = "<group>"; };
		99205B6724E301B400FD0819 /* Base */ = {isa = PBXFileReference; lastKnownFileType = file.storyboard; name = Base; path = Base.lproj/LaunchScreen.storyboard; sourceTree = "<group>"; };
		99205B6924E301B400FD0819 /* Info.plist */ = {isa = PBXFileReference; lastKnownFileType = text.plist.xml; path = Info.plist; sourceTree = "<group>"; };
		99205B6E24E301B400FD0819 /* SpeechNotesTests.xctest */ = {isa = PBXFileReference; explicitFileType = wrapper.cfbundle; includeInIndex = 0; path = SpeechNotesTests.xctest; sourceTree = BUILT_PRODUCTS_DIR; };
		99205B7224E301B400FD0819 /* SpeechNotesTests.swift */ = {isa = PBXFileReference; lastKnownFileType = sourcecode.swift; path = SpeechNotesTests.swift; sourceTree = "<group>"; };
		99205B7424E301B400FD0819 /* Info.plist */ = {isa = PBXFileReference; lastKnownFileType = text.plist.xml; path = Info.plist; sourceTree = "<group>"; };
/* End PBXFileReference section */

/* Begin PBXFrameworksBuildPhase section */
		99205B5224E301B200FD0819 /* Frameworks */ = {
			isa = PBXFrameworksBuildPhase;
			buildActionMask = 2147483647;
			files = (
			);
			runOnlyForDeploymentPostprocessing = 0;
		};
		99205B6B24E301B400FD0819 /* Frameworks */ = {
			isa = PBXFrameworksBuildPhase;
			buildActionMask = 2147483647;
			files = (
			);
			runOnlyForDeploymentPostprocessing = 0;
		};
/* End PBXFrameworksBuildPhase section */

/* Begin PBXGroup section */
		99205B4C24E301B200FD0819 = {
			isa = PBXGroup;
			children = (
				99205B5724E301B200FD0819 /* SpeechNotes */,
				99205B7124E301B400FD0819 /* SpeechNotesTests */,
				99205B5624E301B200FD0819 /* Products */,
			);
			sourceTree = "<group>";
		};
		99205B5624E301B200FD0819 /* Products */ = {
			isa = PBXGroup;
			children = (
				99205B5524E301B200FD0819 /* SpeechNotes.app */,
				99205B6E24E301B400FD0819 /* SpeechNotesTests.xctest */,
			);
			name = Products;
			sourceTree = "<group>";
		};
		99205B5724E301B200FD0819 /* SpeechNotes */ = {
			isa = PBXGroup;
			children = (
				99205B5824E301B200FD0819 /* AppDelegate.swift */,
				99205B5A24E301B200FD0819 /* SceneDelegate.swift */,
				99205B5C24E301B200FD0819 /* ViewController.swift */,
				99205B5E24E301B200FD0819 /* Main.storyboard */,
				99205B6424E301B400FD0819 /* Assets.xcassets */,
				99205B6624E301B400FD0819 /* LaunchScreen.storyboard */,
				99205B6924E301B400FD0819 /* Info.plist */,
				99205B6124E301B200FD0819 /* SpeechNotes.xcdatamodeld */,
			);
			path = SpeechNotes;
			sourceTree = "<group>";
		};
		99205B7124E301B400FD0819 /* SpeechNotesTests */ = {
			isa = PBXGroup;
			children = (
				99205B7224E301B400FD0819 /* SpeechNotesTests.swift */,
				99205B7424E301B400FD0819 /* Info.plist */,
			);
			path = SpeechNotesTests;
			sourceTree = "<group>";
		};
/* End PBXGroup section */

/* Begin PBXNativeTarget section */
		99205B5424E301B200FD0819 /* SpeechNotes */ = {
			isa = PBXNativeTarget;
			buildConfigurationList = 99205B7724E301B400FD0819 /* Build configuration list for PBXNativeTarget "SpeechNotes" */;
			buildPhases = (
				99205B5124E301B200FD0819 /* Sources */,
				99205B5224E301B200FD0819 /* Frameworks */,
				99205B5324E301B200FD0819 /* Resources */,
			);
			buildRules = (
			);
			dependencies = (
			);
			name = SpeechNotes;
			productName = SpeechNotes;
			productReference = 99205B5524E301B200FD0819 /* SpeechNotes.app */;
			productType = "com.apple.product-type.application";
		};
		99205B6D24E301B400FD0819 /* SpeechNotesTests */ = {
			isa = PBXNativeTarget;
			buildConfigurationList = 99205B7A24E301B400FD0819 /* Build configuration list for PBXNativeTarget "SpeechNotesTests" */;
			buildPhases = (
				99205B6A24E301B400FD0819 /* Sources */,
				99205B6B24E301B400FD0819 /* Frameworks */,
				99205B6C24E301B400FD0819 /* Resources */,
			);
			buildRules = (
			);
			dependencies = (
				99205B7024E301B400FD0819 /* PBXTargetDependency */,
			);
			name = SpeechNotesTests;
			productName = SpeechNotesTests;
			productReference = 99205B6E24E301B400FD0819 /* SpeechNotesTests.xctest */;
			productType = "com.apple.product-type.bundle.unit-test";
		};
/* End PBXNativeTarget section */

/* Begin PBXProject section */
		99205B4D24E301B200FD0819 /* Project object */ = {
			isa = PBXProject;
			attributes = {
				LastSwiftUpdateCheck = 1150;
				LastUpgradeCheck = 1150;
				ORGANIZATIONNAME = "Amg-Gauthier";
				TargetAttributes = {
					99205B5424E301B200FD0819 = {
						CreatedOnToolsVersion = 11.5;
					};
					99205B6D24E301B400FD0819 = {
						CreatedOnToolsVersion = 11.5;
						TestTargetID = 99205B5424E301B200FD0819;
					};
				};
			};
			buildConfigurationList = 99205B5024E301B200FD0819 /* Build configuration list for PBXProject "SpeechNotes" */;
			compatibilityVersion = "Xcode 9.3";
			developmentRegion = en;
			hasScannedForEncodings = 0;
			knownRegions = (
				en,
				Base,
			);
			mainGroup = 99205B4C24E301B200FD0819;
			productRefGroup = 99205B5624E301B200FD0819 /* Products */;
			projectDirPath = "";
			projectRoot = "";
			targets = (
				99205B5424E301B200FD0819 /* SpeechNotes */,
				99205B6D24E301B400FD0819 /* SpeechNotesTests */,
			);
		};
/* End PBXProject section */

/* Begin PBXResourcesBuildPhase section */
		99205B5324E301B200FD0819 /* Resources */ = {
			isa = PBXResourcesBuildPhase;
			buildActionMask = 2147483647;
			files = (
				99205B6824E301B400FD0819 /* LaunchScreen.storyboard in Resources */,
				99205B6524E301B400FD0819 /* Assets.xcassets in Resources */,
				99205B6024E301B200FD0819 /* Main.storyboard in Resources */,
			);
			runOnlyForDeploymentPostprocessing = 0;
		};
		99205B6C24E301B400FD0819 /* Resources */ = {
			isa = PBXResourcesBuildPhase;
			buildActionMask = 2147483647;
			files = (
			);
			runOnlyForDeploymentPostprocessing = 0;
		};
/* End PBXResourcesBuildPhase section */

/* Begin PBXSourcesBuildPhase section */
		99205B5124E301B200FD0819 /* Sources */ = {
			isa = PBXSourcesBuildPhase;
			buildActionMask = 2147483647;
			files = (
				99205B5D24E301B200FD0819 /* ViewController.swift in Sources */,
				99205B6324E301B200FD0819 /* SpeechNotes.xcdatamodeld in Sources */,
				99205B5924E301B200FD0819 /* AppDelegate.swift in Sources */,
				99205B5B24E301B200FD0819 /* SceneDelegate.swift in Sources */,
			);
			runOnlyForDeploymentPostprocessing = 0;
		};
		99205B6A24E301B400FD0819 /* Sources */ = {
			isa = PBXSourcesBuildPhase;
			buildActionMask = 2147483647;
			files = (
				99205B7324E301B400FD0819 /* SpeechNotesTests.swift in Sources */,
			);
			runOnlyForDeploymentPostprocessing = 0;
		};
/* End PBXSourcesBuildPhase section */

/* Begin PBXTargetDependency section */
		99205B7024E301B400FD0819 /* PBXTargetDependency */ = {
			isa = PBXTargetDependency;
			target = 99205B5424E301B200FD0819 /* SpeechNotes */;
			targetProxy = 99205B6F24E301B400FD0819 /* PBXContainerItemProxy */;
		};
/* End PBXTargetDependency section */

/* Begin PBXVariantGroup section */
		99205B5E24E301B200FD0819 /* Main.storyboard */ = {
			isa = PBXVariantGroup;
			children = (
				99205B5F24E301B200FD0819 /* Base */,
			);
			name = Main.storyboard;
			sourceTree = "<group>";
		};
		99205B6624E301B400FD0819 /* LaunchScreen.storyboard */ = {
			isa = PBXVariantGroup;
			children = (
				99205B6724E301B400FD0819 /* Base */,
			);
			name = LaunchScreen.storyboard;
			sourceTree = "<group>";
		};
/* End PBXVariantGroup section */

/* Begin XCBuildConfiguration section */
		99205B7524E301B400FD0819 /* Debug */ = {
			isa = XCBuildConfiguration;
			buildSettings = {
				ALWAYS_SEARCH_USER_PATHS = NO;
				CLANG_ANALYZER_NONNULL = YES;
				CLANG_ANALYZER_NUMBER_OBJECT_CONVERSION = YES_AGGRESSIVE;
				CLANG_CXX_LANGUAGE_STANDARD = "gnu++14";
				CLANG_CXX_LIBRARY = "libc++";
				CLANG_ENABLE_MODULES = YES;
				CLANG_ENABLE_OBJC_ARC = YES;
				CLANG_ENABLE_OBJC_WEAK = YES;
				CLANG_WARN_BLOCK_CAPTURE_AUTORELEASING = YES;
				CLANG_WARN_BOOL_CONVERSION = YES;
				CLANG_WARN_COMMA = YES;
				CLANG_WARN_CONSTANT_CONVERSION = YES;
				CLANG_WARN_DEPRECATED_OBJC_IMPLEMENTATIONS = YES;
				CLANG_WARN_DIRECT_OBJC_ISA_USAGE = YES_ERROR;
				CLANG_WARN_DOCUMENTATION_COMMENTS = YES;
				CLANG_WARN_EMPTY_BODY = YES;
				CLANG_WARN_ENUM_CONVERSION = YES;
				CLANG_WARN_INFINITE_RECURSION = YES;
				CLANG_WARN_INT_CONVERSION = YES;
				CLANG_WARN_NON_LITERAL_NULL_CONVERSION = YES;
				CLANG_WARN_OBJC_IMPLICIT_RETAIN_SELF = YES;
				CLANG_WARN_OBJC_LITERAL_CONVERSION = YES;
				CLANG_WARN_OBJC_ROOT_CLASS = YES_ERROR;
				CLANG_WARN_RANGE_LOOP_ANALYSIS = YES;
				CLANG_WARN_STRICT_PROTOTYPES = YES;
				CLANG_WARN_SUSPICIOUS_MOVE = YES;
				CLANG_WARN_UNGUARDED_AVAILABILITY = YES_AGGRESSIVE;
				CLANG_WARN_UNREACHABLE_CODE = YES;
				CLANG_WARN__DUPLICATE_METHOD_MATCH = YES;
				COPY_PHASE_STRIP = NO;
				DEBUG_INFORMATION_FORMAT = dwarf;
				ENABLE_STRICT_OBJC_MSGSEND = YES;
				ENABLE_TESTABILITY = YES;
				GCC_C_LANGUAGE_STANDARD = gnu11;
				GCC_DYNAMIC_NO_PIC = NO;
				GCC_NO_COMMON_BLOCKS = YES;
				GCC_OPTIMIZATION_LEVEL = 0;
				GCC_PREPROCESSOR_DEFINITIONS = (
					"DEBUG=1",
					"$(inherited)",
				);
				GCC_WARN_64_TO_32_BIT_CONVERSION = YES;
				GCC_WARN_ABOUT_RETURN_TYPE = YES_ERROR;
				GCC_WARN_UNDECLARED_SELECTOR = YES;
				GCC_WARN_UNINITIALIZED_AUTOS = YES_AGGRESSIVE;
				GCC_WARN_UNUSED_FUNCTION = YES;
				GCC_WARN_UNUSED_VARIABLE = YES;
				IPHONEOS_DEPLOYMENT_TARGET = 13.5;
				MTL_ENABLE_DEBUG_INFO = INCLUDE_SOURCE;
				MTL_FAST_MATH = YES;
				ONLY_ACTIVE_ARCH = YES;
				SDKROOT = iphoneos;
				SWIFT_ACTIVE_COMPILATION_CONDITIONS = DEBUG;
				SWIFT_OPTIMIZATION_LEVEL = "-Onone";
			};
			name = Debug;
		};
		99205B7624E301B400FD0819 /* Release */ = {
			isa = XCBuildConfiguration;
			buildSettings = {
				ALWAYS_SEARCH_USER_PATHS = NO;
				CLANG_ANALYZER_NONNULL = YES;
				CLANG_ANALYZER_NUMBER_OBJECT_CONVERSION = YES_AGGRESSIVE;
				CLANG_CXX_LANGUAGE_STANDARD = "gnu++14";
				CLANG_CXX_LIBRARY = "libc++";
				CLANG_ENABLE_MODULES = YES;
				CLANG_ENABLE_OBJC_ARC = YES;
				CLANG_ENABLE_OBJC_WEAK = YES;
				CLANG_WARN_BLOCK_CAPTURE_AUTORELEASING = YES;
				CLANG_WARN_BOOL_CONVERSION = YES;
				CLANG_WARN_COMMA = YES;
				CLANG_WARN_CONSTANT_CONVERSION = YES;
				CLANG_WARN_DEPRECATED_OBJC_IMPLEMENTATIONS = YES;
				CLANG_WARN_DIRECT_OBJC_ISA_USAGE = YES_ERROR;
				CLANG_WARN_DOCUMENTATION_COMMENTS = YES;
				CLANG_WARN_EMPTY_BODY = YES;
				CLANG_WARN_ENUM_CONVERSION = YES;
				CLANG_WARN_INFINITE_RECURSION = YES;
				CLANG_WARN_INT_CONVERSION = YES;
				CLANG_WARN_NON_LITERAL_NULL_CONVERSION = YES;
				CLANG_WARN_OBJC_IMPLICIT_RETAIN_SELF = YES;
				CLANG_WARN_OBJC_LITERAL_CONVERSION = YES;
				CLANG_WARN_OBJC_ROOT_CLASS = YES_ERROR;
				CLANG_WARN_RANGE_LOOP_ANALYSIS = YES;
				CLANG_WARN_STRICT_PROTOTYPES = YES;
				CLANG_WARN_SUSPICIOUS_MOVE = YES;
				CLANG_WARN_UNGUARDED_AVAILABILITY = YES_AGGRESSIVE;
				CLANG_WARN_UNREACHABLE_CODE = YES;
				CLANG_WARN__DUPLICATE_METHOD_MATCH = YES;
				COPY_PHASE_STRIP = NO;
				DEBUG_INFORMATION_FORMAT = "dwarf-with-dsym";
				ENABLE_NS_ASSERTIONS = NO;
				ENABLE_STRICT_OBJC_MSGSEND = YES;
				GCC_C_LANGUAGE_STANDARD = gnu11;
				GCC_NO_COMMON_BLOCKS = YES;
				GCC_WARN_64_TO_32_BIT_CONVERSION = YES;
				GCC_WARN_ABOUT_RETURN_TYPE = YES_ERROR;
				GCC_WARN_UNDECLARED_SELECTOR = YES;
				GCC_WARN_UNINITIALIZED_AUTOS = YES_AGGRESSIVE;
				GCC_WARN_UNUSED_FUNCTION = YES;
				GCC_WARN_UNUSED_VARIABLE = YES;
				IPHONEOS_DEPLOYMENT_TARGET = 13.5;
				MTL_ENABLE_DEBUG_INFO = NO;
				MTL_FAST_MATH = YES;
				SDKROOT = iphoneos;
				SWIFT_COMPILATION_MODE = wholemodule;
				SWIFT_OPTIMIZATION_LEVEL = "-O";
				VALIDATE_PRODUCT = YES;
			};
			name = Release;
		};
		99205B7824E301B400FD0819 /* Debug */ = {
			isa = XCBuildConfiguration;
			buildSettings = {
				ASSETCATALOG_COMPILER_APPICON_NAME = AppIcon;
				CODE_SIGN_STYLE = Automatic;
				DEVELOPMENT_TEAM = P8N8P57QSQ;
				INFOPLIST_FILE = SpeechNotes/Info.plist;
				LD_RUNPATH_SEARCH_PATHS = (
					"$(inherited)",
					"@executable_path/Frameworks",
				);
				PRODUCT_BUNDLE_IDENTIFIER = fr.amgGauthier.SpeechNotes;
				PRODUCT_NAME = "$(TARGET_NAME)";
				SWIFT_VERSION = 5.0;
				TARGETED_DEVICE_FAMILY = "1,2";
			};
			name = Debug;
		};
		99205B7924E301B400FD0819 /* Release */ = {
			isa = XCBuildConfiguration;
			buildSettings = {
				ASSETCATALOG_COMPILER_APPICON_NAME = AppIcon;
				CODE_SIGN_STYLE = Automatic;
				DEVELOPMENT_TEAM = P8N8P57QSQ;
				INFOPLIST_FILE = SpeechNotes/Info.plist;
				LD_RUNPATH_SEARCH_PATHS = (
					"$(inherited)",
					"@executable_path/Frameworks",
				);
				PRODUCT_BUNDLE_IDENTIFIER = fr.amgGauthier.SpeechNotes;
				PRODUCT_NAME = "$(TARGET_NAME)";
				SWIFT_VERSION = 5.0;
				TARGETED_DEVICE_FAMILY = "1,2";
			};
			name = Release;
		};
		99205B7B24E301B400FD0819 /* Debug */ = {
			isa = XCBuildConfiguration;
			buildSettings = {
				ALWAYS_EMBED_SWIFT_STANDARD_LIBRARIES = YES;
				BUNDLE_LOADER = "$(TEST_HOST)";
				CODE_SIGN_STYLE = Automatic;
				DEVELOPMENT_TEAM = P8N8P57QSQ;
				INFOPLIST_FILE = SpeechNotesTests/Info.plist;
				IPHONEOS_DEPLOYMENT_TARGET = 13.5;
				LD_RUNPATH_SEARCH_PATHS = (
					"$(inherited)",
					"@executable_path/Frameworks",
					"@loader_path/Frameworks",
				);
				PRODUCT_BUNDLE_IDENTIFIER = fr.amgGauthier.SpeechNotesTests;
				PRODUCT_NAME = "$(TARGET_NAME)";
				SWIFT_VERSION = 5.0;
				TARGETED_DEVICE_FAMILY = "1,2";
				TEST_HOST = "$(BUILT_PRODUCTS_DIR)/SpeechNotes.app/SpeechNotes";
			};
			name = Debug;
		};
		99205B7C24E301B400FD0819 /* Release */ = {
			isa = XCBuildConfiguration;
			buildSettings = {
				ALWAYS_EMBED_SWIFT_STANDARD_LIBRARIES = YES;
				BUNDLE_LOADER = "$(TEST_HOST)";
				CODE_SIGN_STYLE = Automatic;
				DEVELOPMENT_TEAM = P8N8P57QSQ;
				INFOPLIST_FILE = SpeechNotesTests/Info.plist;
				IPHONEOS_DEPLOYMENT_TARGET = 13.5;
				LD_RUNPATH_SEARCH_PATHS = (
					"$(inherited)",
					"@executable_path/Frameworks",
					"@loader_path/Frameworks",
				);
				PRODUCT_BUNDLE_IDENTIFIER = fr.amgGauthier.SpeechNotesTests;
				PRODUCT_NAME = "$(TARGET_NAME)";
				SWIFT_VERSION = 5.0;
				TARGETED_DEVICE_FAMILY = "1,2";
				TEST_HOST = "$(BUILT_PRODUCTS_DIR)/SpeechNotes.app/SpeechNotes";
			};
			name = Release;
		};
/* End XCBuildConfiguration section */

/* Begin XCConfigurationList section */
		99205B5024E301B200FD0819 /* Build configuration list for PBXProject "SpeechNotes" */ = {
			isa = XCConfigurationList;
			buildConfigurations = (
				99205B7524E301B400FD0819 /* Debug */,
				99205B7624E301B400FD0819 /* Release */,
			);
			defaultConfigurationIsVisible = 0;
			defaultConfigurationName = Release;
		};
		99205B7724E301B400FD0819 /* Build configuration list for PBXNativeTarget "SpeechNotes" */ = {
			isa = XCConfigurationList;
			buildConfigurations = (
				99205B7824E301B400FD0819 /* Debug */,
				99205B7924E301B400FD0819 /* Release */,
			);
			defaultConfigurationIsVisible = 0;
			defaultConfigurationName = Release;
		};
		99205B7A24E301B400FD0819 /* Build configuration list for PBXNativeTarget "SpeechNotesTests" */ = {
			isa = XCConfigurationList;
			buildConfigurations = (
				99205B7B24E301B400FD0819 /* Debug */,
				99205B7C24E301B400FD0819 /* Release */,
			);
			defaultConfigurationIsVisible = 0;
			defaultConfigurationName = Release;
		};
/* End XCConfigurationList section */

/* Begin XCVersionGroup section */
		99205B6124E301B200FD0819 /* SpeechNotes.xcdatamodeld */ = {
			isa = XCVersionGroup;
			children = (
				99205B6224E301B200FD0819 /* SpeechNotes.xcdatamodel */,
			);
			currentVersion = 99205B6224E301B200FD0819 /* SpeechNotes.xcdatamodel */;
			path = SpeechNotes.xcdatamodeld;
			sourceTree = "<group>";
			versionGroupType = wrapper.xcdatamodel;
		};
/* End XCVersionGroup section */
	};
	rootObject = 99205B4D24E301B200FD0819 /* Project object */;
}
