// !$*UTF8*$!
{
	archiveVersion = 1;
	classes = {
	};
	objectVersion = 50;
	objects = {

/* Begin PBXBuildFile section */
		99205B5924E301B200FD0819 /* AppDelegate.swift in Sources */ = {isa = PBXBuildFile; fileRef = 99205B5824E301B200FD0819 /* AppDelegate.swift */; };
		99205B5B24E301B200FD0819 /* SceneDelegate.swift in Sources */ = {isa = PBXBuildFile; fileRef = 99205B5A24E301B200FD0819 /* SceneDelegate.swift */; };
		99205B6324E301B200FD0819 /* SpeechNotes.xcdatamodeld in Sources */ = {isa = PBXBuildFile; fileRef = 99205B6124E301B200FD0819 /* SpeechNotes.xcdatamodeld */; };
		99205B6524E301B400FD0819 /* Assets.xcassets in Resources */ = {isa = PBXBuildFile; fileRef = 99205B6424E301B400FD0819 /* Assets.xcassets */; };
		99205B6824E301B400FD0819 /* LaunchScreen.storyboard in Resources */ = {isa = PBXBuildFile; fileRef = 99205B6624E301B400FD0819 /* LaunchScreen.storyboard */; };
		99205B7324E301B400FD0819 /* SpeechNotesTests.swift in Sources */ = {isa = PBXBuildFile; fileRef = 99205B7224E301B400FD0819 /* SpeechNotesTests.swift */; };
		99205B8D24E3474C00FD0819 /* Coordinator.swift in Sources */ = {isa = PBXBuildFile; fileRef = 99205B8C24E3474C00FD0819 /* Coordinator.swift */; };
		99205B8F24E3485200FD0819 /* AppCoordinator.swift in Sources */ = {isa = PBXBuildFile; fileRef = 99205B8E24E3485200FD0819 /* AppCoordinator.swift */; };
		99205B9224E34BC900FD0819 /* MenuViewController.swift in Sources */ = {isa = PBXBuildFile; fileRef = 99205B9024E34BC900FD0819 /* MenuViewController.swift */; };
		99205B9324E34BC900FD0819 /* MenuViewController.xib in Resources */ = {isa = PBXBuildFile; fileRef = 99205B9124E34BC900FD0819 /* MenuViewController.xib */; };
		99205B9824E34C3300FD0819 /* MenuCoordinator.swift in Sources */ = {isa = PBXBuildFile; fileRef = 99205B9724E34C3300FD0819 /* MenuCoordinator.swift */; };
		99205B9A24E34C6E00FD0819 /* MainCoordinator.swift in Sources */ = {isa = PBXBuildFile; fileRef = 99205B9924E34C6E00FD0819 /* MainCoordinator.swift */; };
		99F5D3BA24E413200038C805 /* MenuCollectionView.swift in Sources */ = {isa = PBXBuildFile; fileRef = 99F5D3B924E413200038C805 /* MenuCollectionView.swift */; };
		99F5D3BD24E415050038C805 /* MenuCollectionViewCell.swift in Sources */ = {isa = PBXBuildFile; fileRef = 99F5D3BC24E415050038C805 /* MenuCollectionViewCell.swift */; };
		99F5D3C024E419DB0038C805 /* NotesEntity.swift in Sources */ = {isa = PBXBuildFile; fileRef = 99F5D3BF24E419DB0038C805 /* NotesEntity.swift */; };
/* End PBXBuildFile section */

/* Begin PBXContainerItemProxy section */
		99205B6F24E301B400FD0819 /* PBXContainerItemProxy */ = {
			isa = PBXContainerItemProxy;
			containerPortal = 99205B4D24E301B200FD0819 /* Project object */;
			proxyType = 1;
			remoteGlobalIDString = 99205B5424E301B200FD0819;
			remoteInfo = SpeechNotes;
		};
/* End PBXContainerItemProxy section */

/* Begin PBXFileReference section */
		99205B5524E301B200FD0819 /* SpeechNotes.app */ = {isa = PBXFileReference; explicitFileType = wrapper.application; includeInIndex = 0; path = SpeechNotes.app; sourceTree = BUILT_PRODUCTS_DIR; };
		99205B5824E301B200FD0819 /* AppDelegate.swift */ = {isa = PBXFileReference; lastKnownFileType = sourcecode.swift; path = AppDelegate.swift; sourceTree = "<group>"; };
		99205B5A24E301B200FD0819 /* SceneDelegate.swift */ = {isa = PBXFileReference; lastKnownFileType = sourcecode.swift; path = SceneDelegate.swift; sourceTree = "<group>"; };
		99205B6224E301B200FD0819 /* SpeechNotes.xcdatamodel */ = {isa = PBXFileReference; lastKnownFileType = wrapper.xcdatamodel; path = SpeechNotes.xcdatamodel; sourceTree = "<group>"; };
		99205B6424E301B400FD0819 /* Assets.xcassets */ = {isa = PBXFileReference; lastKnownFileType = folder.assetcatalog; path = Assets.xcassets; sourceTree = "<group>"; };
		99205B6724E301B400FD0819 /* Base */ = {isa = PBXFileReference; lastKnownFileType = file.storyboard; name = Base; path = Base.lproj/LaunchScreen.storyboard; sourceTree = "<group>"; };
		99205B6924E301B400FD0819 /* Info.plist */ = {isa = PBXFileReference; lastKnownFileType = text.plist.xml; path = Info.plist; sourceTree = "<group>"; };
		99205B6E24E301B400FD0819 /* SpeechNotesTests.xctest */ = {isa = PBXFileReference; explicitFileType = wrapper.cfbundle; includeInIndex = 0; path = SpeechNotesTests.xctest; sourceTree = BUILT_PRODUCTS_DIR; };
		99205B7224E301B400FD0819 /* SpeechNotesTests.swift */ = {isa = PBXFileReference; lastKnownFileType = sourcecode.swift; path = SpeechNotesTests.swift; sourceTree = "<group>"; };
		99205B7424E301B400FD0819 /* Info.plist */ = {isa = PBXFileReference; lastKnownFileType = text.plist.xml; path = Info.plist; sourceTree = "<group>"; };
		99205B8C24E3474C00FD0819 /* Coordinator.swift */ = {isa = PBXFileReference; lastKnownFileType = sourcecode.swift; path = Coordinator.swift; sourceTree = "<group>"; };
		99205B8E24E3485200FD0819 /* AppCoordinator.swift */ = {isa = PBXFileReference; lastKnownFileType = sourcecode.swift; path = AppCoordinator.swift; sourceTree = "<group>"; };
		99205B9024E34BC900FD0819 /* MenuViewController.swift */ = {isa = PBXFileReference; lastKnownFileType = sourcecode.swift; path = MenuViewController.swift; sourceTree = "<group>"; };
		99205B9124E34BC900FD0819 /* MenuViewController.xib */ = {isa = PBXFileReference; lastKnownFileType = file.xib; path = MenuViewController.xib; sourceTree = "<group>"; };
		99205B9724E34C3300FD0819 /* MenuCoordinator.swift */ = {isa = PBXFileReference; lastKnownFileType = sourcecode.swift; path = MenuCoordinator.swift; sourceTree = "<group>"; };
		99205B9924E34C6E00FD0819 /* MainCoordinator.swift */ = {isa = PBXFileReference; lastKnownFileType = sourcecode.swift; path = MainCoordinator.swift; sourceTree = "<group>"; };
		99F5D3B924E413200038C805 /* MenuCollectionView.swift */ = {isa = PBXFileReference; lastKnownFileType = sourcecode.swift; path = MenuCollectionView.swift; sourceTree = "<group>"; };
		99F5D3BC24E415050038C805 /* MenuCollectionViewCell.swift */ = {isa = PBXFileReference; lastKnownFileType = sourcecode.swift; path = MenuCollectionViewCell.swift; sourceTree = "<group>"; };
		99F5D3BF24E419DB0038C805 /* NotesEntity.swift */ = {isa = PBXFileReference; lastKnownFileType = sourcecode.swift; path = NotesEntity.swift; sourceTree = "<group>"; };
/* End PBXFileReference section */

/* Begin PBXFrameworksBuildPhase section */
		99205B5224E301B200FD0819 /* Frameworks */ = {
			isa = PBXFrameworksBuildPhase;
			buildActionMask = 2147483647;
			files = (
			);
			runOnlyForDeploymentPostprocessing = 0;
		};
		99205B6B24E301B400FD0819 /* Frameworks */ = {
			isa = PBXFrameworksBuildPhase;
			buildActionMask = 2147483647;
			files = (
			);
			runOnlyForDeploymentPostprocessing = 0;
		};
/* End PBXFrameworksBuildPhase section */

/* Begin PBXGroup section */
		99205B4C24E301B200FD0819 = {
			isa = PBXGroup;
			children = (
				99205B5724E301B200FD0819 /* SpeechNotes */,
				99205B7124E301B400FD0819 /* SpeechNotesTests */,
				99205B5624E301B200FD0819 /* Products */,
			);
			sourceTree = "<group>";
		};
		99205B5624E301B200FD0819 /* Products */ = {
			isa = PBXGroup;
			children = (
				99205B5524E301B200FD0819 /* SpeechNotes.app */,
				99205B6E24E301B400FD0819 /* SpeechNotesTests.xctest */,
			);
			name = Products;
			sourceTree = "<group>";
		};
		99205B5724E301B200FD0819 /* SpeechNotes */ = {
			isa = PBXGroup;
			children = (
				99205B7D24E3442D00FD0819 /* ApplicationLayer */,
				99205B7E24E3446400FD0819 /* PresentationLayer */,
				99205B7F24E3447400FD0819 /* BusinessLogicLayer */,
				99205B8024E3448400FD0819 /* CoreLayer */,
				99205B8824E3459000FD0819 /* SupportingFiles */,
			);
			path = SpeechNotes;
			sourceTree = "<group>";
		};
		99205B7124E301B400FD0819 /* SpeechNotesTests */ = {
			isa = PBXGroup;
			children = (
				99205B7224E301B400FD0819 /* SpeechNotesTests.swift */,
				99205B7424E301B400FD0819 /* Info.plist */,
			);
			path = SpeechNotesTests;
			sourceTree = "<group>";
		};
		99205B7D24E3442D00FD0819 /* ApplicationLayer */ = {
			isa = PBXGroup;
			children = (
				99205B5824E301B200FD0819 /* AppDelegate.swift */,
				99205B5A24E301B200FD0819 /* SceneDelegate.swift */,
				99205B8E24E3485200FD0819 /* AppCoordinator.swift */,
			);
			path = ApplicationLayer;
			sourceTree = "<group>";
		};
		99205B7E24E3446400FD0819 /* PresentationLayer */ = {
			isa = PBXGroup;
			children = (
				99205B8524E344BD00FD0819 /* Coordinator */,
				99205B8424E344B300FD0819 /* Scenes */,
			);
			path = PresentationLayer;
			sourceTree = "<group>";
		};
		99205B7F24E3447400FD0819 /* BusinessLogicLayer */ = {
			isa = PBXGroup;
			children = (
				99205B8724E3457700FD0819 /* Models */,
				99205B8624E3457000FD0819 /* Services */,
			);
			path = BusinessLogicLayer;
			sourceTree = "<group>";
		};
		99205B8024E3448400FD0819 /* CoreLayer */ = {
			isa = PBXGroup;
			children = (
				99205B8324E344A100FD0819 /* Utilities */,
				99205B8224E3449600FD0819 /* Ressources */,
				99205B8124E3449000FD0819 /* UI */,
			);
			path = CoreLayer;
			sourceTree = "<group>";
		};
		99205B8124E3449000FD0819 /* UI */ = {
			isa = PBXGroup;
			children = (
				99F5D3B824E413030038C805 /* CollectionView */,
				99F5D3BB24E414D80038C805 /* Cells */,
			);
			path = UI;
			sourceTree = "<group>";
		};
		99205B8224E3449600FD0819 /* Ressources */ = {
			isa = PBXGroup;
			children = (
			);
			path = Ressources;
			sourceTree = "<group>";
		};
		99205B8324E344A100FD0819 /* Utilities */ = {
			isa = PBXGroup;
			children = (
			);
			name = Utilities;
			sourceTree = "<group>";
		};
		99205B8424E344B300FD0819 /* Scenes */ = {
			isa = PBXGroup;
			children = (
				99205B8924E3467A00FD0819 /* Menu */,
				99205B8B24E3468D00FD0819 /* Read */,
				99205B8A24E3468400FD0819 /* Settings */,
			);
			path = Scenes;
			sourceTree = "<group>";
		};
		99205B8524E344BD00FD0819 /* Coordinator */ = {
			isa = PBXGroup;
			children = (
				99205B8C24E3474C00FD0819 /* Coordinator.swift */,
				99205B9924E34C6E00FD0819 /* MainCoordinator.swift */,
			);
			path = Coordinator;
			sourceTree = "<group>";
		};
		99205B8624E3457000FD0819 /* Services */ = {
			isa = PBXGroup;
			children = (
			);
			path = Services;
			sourceTree = "<group>";
		};
		99205B8724E3457700FD0819 /* Models */ = {
			isa = PBXGroup;
			children = (
				99F5D3BE24E419CD0038C805 /* Notes */,
				99205B6124E301B200FD0819 /* SpeechNotes.xcdatamodeld */,
			);
			path = Models;
			sourceTree = "<group>";
		};
		99205B8824E3459000FD0819 /* SupportingFiles */ = {
			isa = PBXGroup;
			children = (
				99205B6624E301B400FD0819 /* LaunchScreen.storyboard */,
				99205B6424E301B400FD0819 /* Assets.xcassets */,
				99205B6924E301B400FD0819 /* Info.plist */,
			);
			path = SupportingFiles;
			sourceTree = "<group>";
		};
		99205B8924E3467A00FD0819 /* Menu */ = {
			isa = PBXGroup;
			children = (
				99205B9424E34BF900FD0819 /* View */,
				99205B9524E34C0600FD0819 /* ViewModel */,
				99205B9624E34C0D00FD0819 /* Coordinator */,
			);
			path = Menu;
			sourceTree = "<group>";
		};
		99205B8A24E3468400FD0819 /* Settings */ = {
			isa = PBXGroup;
			children = (
			);
			path = Settings;
			sourceTree = "<group>";
		};
		99205B8B24E3468D00FD0819 /* Read */ = {
			isa = PBXGroup;
			children = (
			);
			path = Read;
			sourceTree = "<group>";
		};
		99205B9424E34BF900FD0819 /* View */ = {
			isa = PBXGroup;
			children = (
				99205B9024E34BC900FD0819 /* MenuViewController.swift */,
				99205B9124E34BC900FD0819 /* MenuViewController.xib */,
			);
			path = View;
			sourceTree = "<group>";
		};
		99205B9524E34C0600FD0819 /* ViewModel */ = {
			isa = PBXGroup;
			children = (
			);
			path = ViewModel;
			sourceTree = "<group>";
		};
		99205B9624E34C0D00FD0819 /* Coordinator */ = {
			isa = PBXGroup;
			children = (
				99205B9724E34C3300FD0819 /* MenuCoordinator.swift */,
			);
			path = Coordinator;
			sourceTree = "<group>";
		};
		99F5D3B824E413030038C805 /* CollectionView */ = {
			isa = PBXGroup;
			children = (
				99F5D3B924E413200038C805 /* MenuCollectionView.swift */,
			);
			path = CollectionView;
			sourceTree = "<group>";
		};
		99F5D3BB24E414D80038C805 /* Cells */ = {
			isa = PBXGroup;
			children = (
				99F5D3BC24E415050038C805 /* MenuCollectionViewCell.swift */,
			);
			path = Cells;
			sourceTree = "<group>";
		};
		99F5D3BE24E419CD0038C805 /* Notes */ = {
			isa = PBXGroup;
			children = (
				99F5D3BF24E419DB0038C805 /* NotesEntity.swift */,
			);
			path = Notes;
			sourceTree = "<group>";
		};
/* End PBXGroup section */

/* Begin PBXNativeTarget section */
		99205B5424E301B200FD0819 /* SpeechNotes */ = {
			isa = PBXNativeTarget;
			buildConfigurationList = 99205B7724E301B400FD0819 /* Build configuration list for PBXNativeTarget "SpeechNotes" */;
			buildPhases = (
				99205B5124E301B200FD0819 /* Sources */,
				99205B5224E301B200FD0819 /* Frameworks */,
				99205B5324E301B200FD0819 /* Resources */,
			);
			buildRules = (
			);
			dependencies = (
			);
			name = SpeechNotes;
			productName = SpeechNotes;
			productReference = 99205B5524E301B200FD0819 /* SpeechNotes.app */;
			productType = "com.apple.product-type.application";
		};
		99205B6D24E301B400FD0819 /* SpeechNotesTests */ = {
			isa = PBXNativeTarget;
			buildConfigurationList = 99205B7A24E301B400FD0819 /* Build configuration list for PBXNativeTarget "SpeechNotesTests" */;
			buildPhases = (
				99205B6A24E301B400FD0819 /* Sources */,
				99205B6B24E301B400FD0819 /* Frameworks */,
				99205B6C24E301B400FD0819 /* Resources */,
			);
			buildRules = (
			);
			dependencies = (
				99205B7024E301B400FD0819 /* PBXTargetDependency */,
			);
			name = SpeechNotesTests;
			productName = SpeechNotesTests;
			productReference = 99205B6E24E301B400FD0819 /* SpeechNotesTests.xctest */;
			productType = "com.apple.product-type.bundle.unit-test";
		};
/* End PBXNativeTarget section */

/* Begin PBXProject section */
		99205B4D24E301B200FD0819 /* Project object */ = {
			isa = PBXProject;
			attributes = {
				LastSwiftUpdateCheck = 1150;
				LastUpgradeCheck = 1150;
				ORGANIZATIONNAME = "Amg-Gauthier";
				TargetAttributes = {
					99205B5424E301B200FD0819 = {
						CreatedOnToolsVersion = 11.5;
					};
					99205B6D24E301B400FD0819 = {
						CreatedOnToolsVersion = 11.5;
						TestTargetID = 99205B5424E301B200FD0819;
					};
				};
			};
			buildConfigurationList = 99205B5024E301B200FD0819 /* Build configuration list for PBXProject "SpeechNotes" */;
			compatibilityVersion = "Xcode 9.3";
			developmentRegion = en;
			hasScannedForEncodings = 0;
			knownRegions = (
				en,
				Base,
			);
			mainGroup = 99205B4C24E301B200FD0819;
			productRefGroup = 99205B5624E301B200FD0819 /* Products */;
			projectDirPath = "";
			projectRoot = "";
			targets = (
				99205B5424E301B200FD0819 /* SpeechNotes */,
				99205B6D24E301B400FD0819 /* SpeechNotesTests */,
			);
		};
/* End PBXProject section */

/* Begin PBXResourcesBuildPhase section */
		99205B5324E301B200FD0819 /* Resources */ = {
			isa = PBXResourcesBuildPhase;
			buildActionMask = 2147483647;
			files = (
				99205B6824E301B400FD0819 /* LaunchScreen.storyboard in Resources */,
				99205B9324E34BC900FD0819 /* MenuViewController.xib in Resources */,
				99205B6524E301B400FD0819 /* Assets.xcassets in Resources */,
			);
			runOnlyForDeploymentPostprocessing = 0;
		};
		99205B6C24E301B400FD0819 /* Resources */ = {
			isa = PBXResourcesBuildPhase;
			buildActionMask = 2147483647;
			files = (
			);
			runOnlyForDeploymentPostprocessing = 0;
		};
/* End PBXResourcesBuildPhase section */

/* Begin PBXSourcesBuildPhase section */
		99205B5124E301B200FD0819 /* Sources */ = {
			isa = PBXSourcesBuildPhase;
			buildActionMask = 2147483647;
			files = (
				99205B8D24E3474C00FD0819 /* Coordinator.swift in Sources */,
				99205B9A24E34C6E00FD0819 /* MainCoordinator.swift in Sources */,
				99205B9224E34BC900FD0819 /* MenuViewController.swift in Sources */,
				99205B6324E301B200FD0819 /* SpeechNotes.xcdatamodeld in Sources */,
				99F5D3BA24E413200038C805 /* MenuCollectionView.swift in Sources */,
				99205B8F24E3485200FD0819 /* AppCoordinator.swift in Sources */,
				99205B5924E301B200FD0819 /* AppDelegate.swift in Sources */,
				99205B9824E34C3300FD0819 /* MenuCoordinator.swift in Sources */,
				99205B5B24E301B200FD0819 /* SceneDelegate.swift in Sources */,
				99F5D3C024E419DB0038C805 /* NotesEntity.swift in Sources */,
				99F5D3BD24E415050038C805 /* MenuCollectionViewCell.swift in Sources */,
			);
			runOnlyForDeploymentPostprocessing = 0;
		};
		99205B6A24E301B400FD0819 /* Sources */ = {
			isa = PBXSourcesBuildPhase;
			buildActionMask = 2147483647;
			files = (
				99205B7324E301B400FD0819 /* SpeechNotesTests.swift in Sources */,
			);
			runOnlyForDeploymentPostprocessing = 0;
		};
/* End PBXSourcesBuildPhase section */

/* Begin PBXTargetDependency section */
		99205B7024E301B400FD0819 /* PBXTargetDependency */ = {
			isa = PBXTargetDependency;
			target = 99205B5424E301B200FD0819 /* SpeechNotes */;
			targetProxy = 99205B6F24E301B400FD0819 /* PBXContainerItemProxy */;
		};
/* End PBXTargetDependency section */

/* Begin PBXVariantGroup section */
		99205B6624E301B400FD0819 /* LaunchScreen.storyboard */ = {
			isa = PBXVariantGroup;
			children = (
				99205B6724E301B400FD0819 /* Base */,
			);
			name = LaunchScreen.storyboard;
			sourceTree = "<group>";
		};
/* End PBXVariantGroup section */

/* Begin XCBuildConfiguration section */
		99205B7524E301B400FD0819 /* Debug */ = {
			isa = XCBuildConfiguration;
			buildSettings = {
				ALWAYS_SEARCH_USER_PATHS = NO;
				CLANG_ANALYZER_NONNULL = YES;
				CLANG_ANALYZER_NUMBER_OBJECT_CONVERSION = YES_AGGRESSIVE;
				CLANG_CXX_LANGUAGE_STANDARD = "gnu++14";
				CLANG_CXX_LIBRARY = "libc++";
				CLANG_ENABLE_MODULES = YES;
				CLANG_ENABLE_OBJC_ARC = YES;
				CLANG_ENABLE_OBJC_WEAK = YES;
				CLANG_WARN_BLOCK_CAPTURE_AUTORELEASING = YES;
				CLANG_WARN_BOOL_CONVERSION = YES;
				CLANG_WARN_COMMA = YES;
				CLANG_WARN_CONSTANT_CONVERSION = YES;
				CLANG_WARN_DEPRECATED_OBJC_IMPLEMENTATIONS = YES;
				CLANG_WARN_DIRECT_OBJC_ISA_USAGE = YES_ERROR;
				CLANG_WARN_DOCUMENTATION_COMMENTS = YES;
				CLANG_WARN_EMPTY_BODY = YES;
				CLANG_WARN_ENUM_CONVERSION = YES;
				CLANG_WARN_INFINITE_RECURSION = YES;
				CLANG_WARN_INT_CONVERSION = YES;
				CLANG_WARN_NON_LITERAL_NULL_CONVERSION = YES;
				CLANG_WARN_OBJC_IMPLICIT_RETAIN_SELF = YES;
				CLANG_WARN_OBJC_LITERAL_CONVERSION = YES;
				CLANG_WARN_OBJC_ROOT_CLASS = YES_ERROR;
				CLANG_WARN_RANGE_LOOP_ANALYSIS = YES;
				CLANG_WARN_STRICT_PROTOTYPES = YES;
				CLANG_WARN_SUSPICIOUS_MOVE = YES;
				CLANG_WARN_UNGUARDED_AVAILABILITY = YES_AGGRESSIVE;
				CLANG_WARN_UNREACHABLE_CODE = YES;
				CLANG_WARN__DUPLICATE_METHOD_MATCH = YES;
				COPY_PHASE_STRIP = NO;
				DEBUG_INFORMATION_FORMAT = dwarf;
				ENABLE_STRICT_OBJC_MSGSEND = YES;
				ENABLE_TESTABILITY = YES;
				GCC_C_LANGUAGE_STANDARD = gnu11;
				GCC_DYNAMIC_NO_PIC = NO;
				GCC_NO_COMMON_BLOCKS = YES;
				GCC_OPTIMIZATION_LEVEL = 0;
				GCC_PREPROCESSOR_DEFINITIONS = (
					"DEBUG=1",
					"$(inherited)",
				);
				GCC_WARN_64_TO_32_BIT_CONVERSION = YES;
				GCC_WARN_ABOUT_RETURN_TYPE = YES_ERROR;
				GCC_WARN_UNDECLARED_SELECTOR = YES;
				GCC_WARN_UNINITIALIZED_AUTOS = YES_AGGRESSIVE;
				GCC_WARN_UNUSED_FUNCTION = YES;
				GCC_WARN_UNUSED_VARIABLE = YES;
				IPHONEOS_DEPLOYMENT_TARGET = 11.0;
				MTL_ENABLE_DEBUG_INFO = INCLUDE_SOURCE;
				MTL_FAST_MATH = YES;
				ONLY_ACTIVE_ARCH = YES;
				SDKROOT = iphoneos;
				SWIFT_ACTIVE_COMPILATION_CONDITIONS = DEBUG;
				SWIFT_OPTIMIZATION_LEVEL = "-Onone";
			};
			name = Debug;
		};
		99205B7624E301B400FD0819 /* Release */ = {
			isa = XCBuildConfiguration;
			buildSettings = {
				ALWAYS_SEARCH_USER_PATHS = NO;
				CLANG_ANALYZER_NONNULL = YES;
				CLANG_ANALYZER_NUMBER_OBJECT_CONVERSION = YES_AGGRESSIVE;
				CLANG_CXX_LANGUAGE_STANDARD = "gnu++14";
				CLANG_CXX_LIBRARY = "libc++";
				CLANG_ENABLE_MODULES = YES;
				CLANG_ENABLE_OBJC_ARC = YES;
				CLANG_ENABLE_OBJC_WEAK = YES;
				CLANG_WARN_BLOCK_CAPTURE_AUTORELEASING = YES;
				CLANG_WARN_BOOL_CONVERSION = YES;
				CLANG_WARN_COMMA = YES;
				CLANG_WARN_CONSTANT_CONVERSION = YES;
				CLANG_WARN_DEPRECATED_OBJC_IMPLEMENTATIONS = YES;
				CLANG_WARN_DIRECT_OBJC_ISA_USAGE = YES_ERROR;
				CLANG_WARN_DOCUMENTATION_COMMENTS = YES;
				CLANG_WARN_EMPTY_BODY = YES;
				CLANG_WARN_ENUM_CONVERSION = YES;
				CLANG_WARN_INFINITE_RECURSION = YES;
				CLANG_WARN_INT_CONVERSION = YES;
				CLANG_WARN_NON_LITERAL_NULL_CONVERSION = YES;
				CLANG_WARN_OBJC_IMPLICIT_RETAIN_SELF = YES;
				CLANG_WARN_OBJC_LITERAL_CONVERSION = YES;
				CLANG_WARN_OBJC_ROOT_CLASS = YES_ERROR;
				CLANG_WARN_RANGE_LOOP_ANALYSIS = YES;
				CLANG_WARN_STRICT_PROTOTYPES = YES;
				CLANG_WARN_SUSPICIOUS_MOVE = YES;
				CLANG_WARN_UNGUARDED_AVAILABILITY = YES_AGGRESSIVE;
				CLANG_WARN_UNREACHABLE_CODE = YES;
				CLANG_WARN__DUPLICATE_METHOD_MATCH = YES;
				COPY_PHASE_STRIP = NO;
				DEBUG_INFORMATION_FORMAT = "dwarf-with-dsym";
				ENABLE_NS_ASSERTIONS = NO;
				ENABLE_STRICT_OBJC_MSGSEND = YES;
				GCC_C_LANGUAGE_STANDARD = gnu11;
				GCC_NO_COMMON_BLOCKS = YES;
				GCC_WARN_64_TO_32_BIT_CONVERSION = YES;
				GCC_WARN_ABOUT_RETURN_TYPE = YES_ERROR;
				GCC_WARN_UNDECLARED_SELECTOR = YES;
				GCC_WARN_UNINITIALIZED_AUTOS = YES_AGGRESSIVE;
				GCC_WARN_UNUSED_FUNCTION = YES;
				GCC_WARN_UNUSED_VARIABLE = YES;
				IPHONEOS_DEPLOYMENT_TARGET = 11.0;
				MTL_ENABLE_DEBUG_INFO = NO;
				MTL_FAST_MATH = YES;
				SDKROOT = iphoneos;
				SWIFT_COMPILATION_MODE = wholemodule;
				SWIFT_OPTIMIZATION_LEVEL = "-O";
				VALIDATE_PRODUCT = YES;
			};
			name = Release;
		};
		99205B7824E301B400FD0819 /* Debug */ = {
			isa = XCBuildConfiguration;
			buildSettings = {
				ASSETCATALOG_COMPILER_APPICON_NAME = AppIcon;
				CODE_SIGN_STYLE = Automatic;
				DEVELOPMENT_TEAM = P8N8P57QSQ;
				INFOPLIST_FILE = "$(SRCROOT)/SpeechNotes/SupportingFiles/Info.plist";
				IPHONEOS_DEPLOYMENT_TARGET = 12.0;
				LD_RUNPATH_SEARCH_PATHS = (
					"$(inherited)",
					"@executable_path/Frameworks",
				);
				PRODUCT_BUNDLE_IDENTIFIER = fr.amgGauthier.SpeechNotes;
				PRODUCT_NAME = "$(TARGET_NAME)";
				SWIFT_VERSION = 5.0;
				TARGETED_DEVICE_FAMILY = 1;
			};
			name = Debug;
		};
		99205B7924E301B400FD0819 /* Release */ = {
			isa = XCBuildConfiguration;
			buildSettings = {
				ASSETCATALOG_COMPILER_APPICON_NAME = AppIcon;
				CODE_SIGN_STYLE = Automatic;
				DEVELOPMENT_TEAM = P8N8P57QSQ;
				INFOPLIST_FILE = "$(SRCROOT)/SpeechNotes/SupportingFiles/Info.plist";
				IPHONEOS_DEPLOYMENT_TARGET = 12.0;
				LD_RUNPATH_SEARCH_PATHS = (
					"$(inherited)",
					"@executable_path/Frameworks",
				);
				PRODUCT_BUNDLE_IDENTIFIER = fr.amgGauthier.SpeechNotes;
				PRODUCT_NAME = "$(TARGET_NAME)";
				SWIFT_VERSION = 5.0;
				TARGETED_DEVICE_FAMILY = 1;
			};
			name = Release;
		};
		99205B7B24E301B400FD0819 /* Debug */ = {
			isa = XCBuildConfiguration;
			buildSettings = {
				ALWAYS_EMBED_SWIFT_STANDARD_LIBRARIES = YES;
				BUNDLE_LOADER = "$(TEST_HOST)";
				CODE_SIGN_STYLE = Automatic;
				DEVELOPMENT_TEAM = P8N8P57QSQ;
				INFOPLIST_FILE = SpeechNotesTests/Info.plist;
				IPHONEOS_DEPLOYMENT_TARGET = 13.5;
				LD_RUNPATH_SEARCH_PATHS = (
					"$(inherited)",
					"@executable_path/Frameworks",
					"@loader_path/Frameworks",
				);
				PRODUCT_BUNDLE_IDENTIFIER = fr.amgGauthier.SpeechNotesTests;
				PRODUCT_NAME = "$(TARGET_NAME)";
				SWIFT_VERSION = 5.0;
				TARGETED_DEVICE_FAMILY = "1,2";
				TEST_HOST = "$(BUILT_PRODUCTS_DIR)/SpeechNotes.app/SpeechNotes";
			};
			name = Debug;
		};
		99205B7C24E301B400FD0819 /* Release */ = {
			isa = XCBuildConfiguration;
			buildSettings = {
				ALWAYS_EMBED_SWIFT_STANDARD_LIBRARIES = YES;
				BUNDLE_LOADER = "$(TEST_HOST)";
				CODE_SIGN_STYLE = Automatic;
				DEVELOPMENT_TEAM = P8N8P57QSQ;
				INFOPLIST_FILE = SpeechNotesTests/Info.plist;
				IPHONEOS_DEPLOYMENT_TARGET = 13.5;
				LD_RUNPATH_SEARCH_PATHS = (
					"$(inherited)",
					"@executable_path/Frameworks",
					"@loader_path/Frameworks",
				);
				PRODUCT_BUNDLE_IDENTIFIER = fr.amgGauthier.SpeechNotesTests;
				PRODUCT_NAME = "$(TARGET_NAME)";
				SWIFT_VERSION = 5.0;
				TARGETED_DEVICE_FAMILY = "1,2";
				TEST_HOST = "$(BUILT_PRODUCTS_DIR)/SpeechNotes.app/SpeechNotes";
			};
			name = Release;
		};
/* End XCBuildConfiguration section */

/* Begin XCConfigurationList section */
		99205B5024E301B200FD0819 /* Build configuration list for PBXProject "SpeechNotes" */ = {
			isa = XCConfigurationList;
			buildConfigurations = (
				99205B7524E301B400FD0819 /* Debug */,
				99205B7624E301B400FD0819 /* Release */,
			);
			defaultConfigurationIsVisible = 0;
			defaultConfigurationName = Release;
		};
		99205B7724E301B400FD0819 /* Build configuration list for PBXNativeTarget "SpeechNotes" */ = {
			isa = XCConfigurationList;
			buildConfigurations = (
				99205B7824E301B400FD0819 /* Debug */,
				99205B7924E301B400FD0819 /* Release */,
			);
			defaultConfigurationIsVisible = 0;
			defaultConfigurationName = Release;
		};
		99205B7A24E301B400FD0819 /* Build configuration list for PBXNativeTarget "SpeechNotesTests" */ = {
			isa = XCConfigurationList;
			buildConfigurations = (
				99205B7B24E301B400FD0819 /* Debug */,
				99205B7C24E301B400FD0819 /* Release */,
			);
			defaultConfigurationIsVisible = 0;
			defaultConfigurationName = Release;
		};
/* End XCConfigurationList section */

/* Begin XCVersionGroup section */
		99205B6124E301B200FD0819 /* SpeechNotes.xcdatamodeld */ = {
			isa = XCVersionGroup;
			children = (
				99205B6224E301B200FD0819 /* SpeechNotes.xcdatamodel */,
			);
			currentVersion = 99205B6224E301B200FD0819 /* SpeechNotes.xcdatamodel */;
			path = SpeechNotes.xcdatamodeld;
			sourceTree = "<group>";
			versionGroupType = wrapper.xcdatamodel;
		};
/* End XCVersionGroup section */
	};
	rootObject = 99205B4D24E301B200FD0819 /* Project object */;
}
